// !$*UTF8*$!
{
	archiveVersion = 1;
	classes = {
	};
	objectVersion = 50;
	objects = {

/* Begin PBXBuildFile section */
		9404444C243C7ECB00266C5F /* AppDelegate.swift in Sources */ = {isa = PBXBuildFile; fileRef = 9404444B243C7ECB00266C5F /* AppDelegate.swift */; };
		94044450243C7ECB00266C5F /* ViewController.swift in Sources */ = {isa = PBXBuildFile; fileRef = 9404444F243C7ECB00266C5F /* ViewController.swift */; };
		94044453243C7ECB00266C5F /* Main.storyboard in Resources */ = {isa = PBXBuildFile; fileRef = 94044451243C7ECB00266C5F /* Main.storyboard */; };
		94044455243C7ECC00266C5F /* Assets.xcassets in Resources */ = {isa = PBXBuildFile; fileRef = 94044454243C7ECC00266C5F /* Assets.xcassets */; };
		94044458243C7ECC00266C5F /* LaunchScreen.storyboard in Resources */ = {isa = PBXBuildFile; fileRef = 94044456243C7ECC00266C5F /* LaunchScreen.storyboard */; };
		94F1ED39243C86590030B94E /* SwipeeModel.swift in Sources */ = {isa = PBXBuildFile; fileRef = 94F1ED38243C86590030B94E /* SwipeeModel.swift */; };
		94F1ED3C243C89FC0030B94E /* BaseNetwork.swift in Sources */ = {isa = PBXBuildFile; fileRef = 94F1ED3B243C89FC0030B94E /* BaseNetwork.swift */; };
		94F1ED41243C8A520030B94E /* Common.swift in Sources */ = {isa = PBXBuildFile; fileRef = 94F1ED40243C8A520030B94E /* Common.swift */; };
		94F1ED43243C8DDA0030B94E /* Reachability.swift in Sources */ = {isa = PBXBuildFile; fileRef = 94F1ED42243C8DDA0030B94E /* Reachability.swift */; };
/* End PBXBuildFile section */

/* Begin PBXFileReference section */
		94044448243C7ECB00266C5F /* Swipee.app */ = {isa = PBXFileReference; explicitFileType = wrapper.application; includeInIndex = 0; path = Swipee.app; sourceTree = BUILT_PRODUCTS_DIR; };
		9404444B243C7ECB00266C5F /* AppDelegate.swift */ = {isa = PBXFileReference; lastKnownFileType = sourcecode.swift; path = AppDelegate.swift; sourceTree = "<group>"; };
		9404444F243C7ECB00266C5F /* ViewController.swift */ = {isa = PBXFileReference; lastKnownFileType = sourcecode.swift; path = ViewController.swift; sourceTree = "<group>"; };
		94044452243C7ECB00266C5F /* Base */ = {isa = PBXFileReference; lastKnownFileType = file.storyboard; name = Base; path = Base.lproj/Main.storyboard; sourceTree = "<group>"; };
		94044454243C7ECC00266C5F /* Assets.xcassets */ = {isa = PBXFileReference; lastKnownFileType = folder.assetcatalog; path = Assets.xcassets; sourceTree = "<group>"; };
		94044457243C7ECC00266C5F /* Base */ = {isa = PBXFileReference; lastKnownFileType = file.storyboard; name = Base; path = Base.lproj/LaunchScreen.storyboard; sourceTree = "<group>"; };
		94044459243C7ECC00266C5F /* Info.plist */ = {isa = PBXFileReference; lastKnownFileType = text.plist.xml; path = Info.plist; sourceTree = "<group>"; };
		94F1ED38243C86590030B94E /* SwipeeModel.swift */ = {isa = PBXFileReference; lastKnownFileType = sourcecode.swift; path = SwipeeModel.swift; sourceTree = "<group>"; };
		94F1ED3B243C89FC0030B94E /* BaseNetwork.swift */ = {isa = PBXFileReference; lastKnownFileType = sourcecode.swift; path = BaseNetwork.swift; sourceTree = "<group>"; };
		94F1ED40243C8A520030B94E /* Common.swift */ = {isa = PBXFileReference; lastKnownFileType = sourcecode.swift; path = Common.swift; sourceTree = "<group>"; };
		94F1ED42243C8DDA0030B94E /* Reachability.swift */ = {isa = PBXFileReference; lastKnownFileType = sourcecode.swift; path = Reachability.swift; sourceTree = "<group>"; };
/* End PBXFileReference section */

/* Begin PBXFrameworksBuildPhase section */
		94044445243C7ECB00266C5F /* Frameworks */ = {
			isa = PBXFrameworksBuildPhase;
			buildActionMask = 2147483647;
			files = (
			);
			runOnlyForDeploymentPostprocessing = 0;
		};
/* End PBXFrameworksBuildPhase section */

/* Begin PBXGroup section */
		9404443F243C7ECB00266C5F = {
			isa = PBXGroup;
			children = (
				9404444A243C7ECB00266C5F /* Swipee */,
				94044449243C7ECB00266C5F /* Products */,
			);
			sourceTree = "<group>";
		};
		94044449243C7ECB00266C5F /* Products */ = {
			isa = PBXGroup;
			children = (
				94044448243C7ECB00266C5F /* Swipee.app */,
			);
			name = Products;
			sourceTree = "<group>";
		};
		9404444A243C7ECB00266C5F /* Swipee */ = {
			isa = PBXGroup;
			children = (
				94F1ED44243C90230030B94E /* Controllers */,
				94F1ED3D243C8A2C0030B94E /* Common */,
				94F1ED3A243C89DD0030B94E /* BaseNetwork */,
				94F1ED37243C863C0030B94E /* SwipeeModel */,
				9404444B243C7ECB00266C5F /* AppDelegate.swift */,
				94F1ED45243C90330030B94E /* Storyboards */,
				94044454243C7ECC00266C5F /* Assets.xcassets */,
				94044459243C7ECC00266C5F /* Info.plist */,
			);
			path = Swipee;
			sourceTree = "<group>";
		};
		94F1ED37243C863C0030B94E /* SwipeeModel */ = {
			isa = PBXGroup;
			children = (
				94F1ED38243C86590030B94E /* SwipeeModel.swift */,
			);
			path = SwipeeModel;
			sourceTree = "<group>";
		};
		94F1ED3A243C89DD0030B94E /* BaseNetwork */ = {
			isa = PBXGroup;
			children = (
				94F1ED3B243C89FC0030B94E /* BaseNetwork.swift */,
			);
			path = BaseNetwork;
			sourceTree = "<group>";
		};
		94F1ED3D243C8A2C0030B94E /* Common */ = {
			isa = PBXGroup;
			children = (
				94F1ED40243C8A520030B94E /* Common.swift */,
				94F1ED42243C8DDA0030B94E /* Reachability.swift */,
			);
			path = Common;
			sourceTree = "<group>";
		};
		94F1ED44243C90230030B94E /* Controllers */ = {
			isa = PBXGroup;
			children = (
				9404444F243C7ECB00266C5F /* ViewController.swift */,
			);
			path = Controllers;
			sourceTree = "<group>";
		};
		94F1ED45243C90330030B94E /* Storyboards */ = {
			isa = PBXGroup;
			children = (
				94044451243C7ECB00266C5F /* Main.storyboard */,
				94044456243C7ECC00266C5F /* LaunchScreen.storyboard */,
			);
			path = Storyboards;
			sourceTree = "<group>";
		};
/* End PBXGroup section */

/* Begin PBXNativeTarget section */
		94044447243C7ECB00266C5F /* Swipee */ = {
			isa = PBXNativeTarget;
			buildConfigurationList = 9404445C243C7ECC00266C5F /* Build configuration list for PBXNativeTarget "Swipee" */;
			buildPhases = (
				94044444243C7ECB00266C5F /* Sources */,
				94044445243C7ECB00266C5F /* Frameworks */,
				94044446243C7ECB00266C5F /* Resources */,
			);
			buildRules = (
			);
			dependencies = (
			);
			name = Swipee;
			productName = Swipee;
			productReference = 94044448243C7ECB00266C5F /* Swipee.app */;
			productType = "com.apple.product-type.application";
		};
/* End PBXNativeTarget section */

/* Begin PBXProject section */
		94044440243C7ECB00266C5F /* Project object */ = {
			isa = PBXProject;
			attributes = {
				LastSwiftUpdateCheck = 1120;
				LastUpgradeCheck = 1120;
				ORGANIZATIONNAME = "Dipanjan Pal";
				TargetAttributes = {
					94044447243C7ECB00266C5F = {
						CreatedOnToolsVersion = 11.2.1;
					};
				};
			};
			buildConfigurationList = 94044443243C7ECB00266C5F /* Build configuration list for PBXProject "Swipee" */;
			compatibilityVersion = "Xcode 9.3";
			developmentRegion = en;
			hasScannedForEncodings = 0;
			knownRegions = (
				en,
				Base,
			);
			mainGroup = 9404443F243C7ECB00266C5F;
			productRefGroup = 94044449243C7ECB00266C5F /* Products */;
			projectDirPath = "";
			projectRoot = "";
			targets = (
				94044447243C7ECB00266C5F /* Swipee */,
			);
		};
/* End PBXProject section */

/* Begin PBXResourcesBuildPhase section */
		94044446243C7ECB00266C5F /* Resources */ = {
			isa = PBXResourcesBuildPhase;
			buildActionMask = 2147483647;
			files = (
				94044458243C7ECC00266C5F /* LaunchScreen.storyboard in Resources */,
				94044455243C7ECC00266C5F /* Assets.xcassets in Resources */,
				94044453243C7ECB00266C5F /* Main.storyboard in Resources */,
			);
			runOnlyForDeploymentPostprocessing = 0;
		};
/* End PBXResourcesBuildPhase section */

/* Begin PBXSourcesBuildPhase section */
		94044444243C7ECB00266C5F /* Sources */ = {
			isa = PBXSourcesBuildPhase;
			buildActionMask = 2147483647;
			files = (
				94044450243C7ECB00266C5F /* ViewController.swift in Sources */,
				94F1ED3C243C89FC0030B94E /* BaseNetwork.swift in Sources */,
				94F1ED43243C8DDA0030B94E /* Reachability.swift in Sources */,
				9404444C243C7ECB00266C5F /* AppDelegate.swift in Sources */,
				94F1ED41243C8A520030B94E /* Common.swift in Sources */,
				94F1ED39243C86590030B94E /* SwipeeModel.swift in Sources */,
			);
			runOnlyForDeploymentPostprocessing = 0;
		};
/* End PBXSourcesBuildPhase section */

/* Begin PBXVariantGroup section */
		94044451243C7ECB00266C5F /* Main.storyboard */ = {
			isa = PBXVariantGroup;
			children = (
				94044452243C7ECB00266C5F /* Base */,
			);
			name = Main.storyboard;
			sourceTree = "<group>";
		};
		94044456243C7ECC00266C5F /* LaunchScreen.storyboard */ = {
			isa = PBXVariantGroup;
			children = (
				94044457243C7ECC00266C5F /* Base */,
			);
			name = LaunchScreen.storyboard;
			sourceTree = "<group>";
		};
/* End PBXVariantGroup section */

/* Begin XCBuildConfiguration section */
		9404445A243C7ECC00266C5F /* Debug */ = {
			isa = XCBuildConfiguration;
			buildSettings = {
				ALWAYS_SEARCH_USER_PATHS = NO;
				CLANG_ANALYZER_NONNULL = YES;
				CLANG_ANALYZER_NUMBER_OBJECT_CONVERSION = YES_AGGRESSIVE;
				CLANG_CXX_LANGUAGE_STANDARD = "gnu++14";
				CLANG_CXX_LIBRARY = "libc++";
				CLANG_ENABLE_MODULES = YES;
				CLANG_ENABLE_OBJC_ARC = YES;
				CLANG_ENABLE_OBJC_WEAK = YES;
				CLANG_WARN_BLOCK_CAPTURE_AUTORELEASING = YES;
				CLANG_WARN_BOOL_CONVERSION = YES;
				CLANG_WARN_COMMA = YES;
				CLANG_WARN_CONSTANT_CONVERSION = YES;
				CLANG_WARN_DEPRECATED_OBJC_IMPLEMENTATIONS = YES;
				CLANG_WARN_DIRECT_OBJC_ISA_USAGE = YES_ERROR;
				CLANG_WARN_DOCUMENTATION_COMMENTS = YES;
				CLANG_WARN_EMPTY_BODY = YES;
				CLANG_WARN_ENUM_CONVERSION = YES;
				CLANG_WARN_INFINITE_RECURSION = YES;
				CLANG_WARN_INT_CONVERSION = YES;
				CLANG_WARN_NON_LITERAL_NULL_CONVERSION = YES;
				CLANG_WARN_OBJC_IMPLICIT_RETAIN_SELF = YES;
				CLANG_WARN_OBJC_LITERAL_CONVERSION = YES;
				CLANG_WARN_OBJC_ROOT_CLASS = YES_ERROR;
				CLANG_WARN_RANGE_LOOP_ANALYSIS = YES;
				CLANG_WARN_STRICT_PROTOTYPES = YES;
				CLANG_WARN_SUSPICIOUS_MOVE = YES;
				CLANG_WARN_UNGUARDED_AVAILABILITY = YES_AGGRESSIVE;
				CLANG_WARN_UNREACHABLE_CODE = YES;
				CLANG_WARN__DUPLICATE_METHOD_MATCH = YES;
				COPY_PHASE_STRIP = NO;
				DEBUG_INFORMATION_FORMAT = dwarf;
				ENABLE_STRICT_OBJC_MSGSEND = YES;
				ENABLE_TESTABILITY = YES;
				GCC_C_LANGUAGE_STANDARD = gnu11;
				GCC_DYNAMIC_NO_PIC = NO;
				GCC_NO_COMMON_BLOCKS = YES;
				GCC_OPTIMIZATION_LEVEL = 0;
				GCC_PREPROCESSOR_DEFINITIONS = (
					"DEBUG=1",
					"$(inherited)",
				);
				GCC_WARN_64_TO_32_BIT_CONVERSION = YES;
				GCC_WARN_ABOUT_RETURN_TYPE = YES_ERROR;
				GCC_WARN_UNDECLARED_SELECTOR = YES;
				GCC_WARN_UNINITIALIZED_AUTOS = YES_AGGRESSIVE;
				GCC_WARN_UNUSED_FUNCTION = YES;
				GCC_WARN_UNUSED_VARIABLE = YES;
				IPHONEOS_DEPLOYMENT_TARGET = 13.2;
				MTL_ENABLE_DEBUG_INFO = INCLUDE_SOURCE;
				MTL_FAST_MATH = YES;
				ONLY_ACTIVE_ARCH = YES;
				SDKROOT = iphoneos;
				SWIFT_ACTIVE_COMPILATION_CONDITIONS = DEBUG;
				SWIFT_OPTIMIZATION_LEVEL = "-Onone";
			};
			name = Debug;
		};
		9404445B243C7ECC00266C5F /* Release */ = {
			isa = XCBuildConfiguration;
			buildSettings = {
				ALWAYS_SEARCH_USER_PATHS = NO;
				CLANG_ANALYZER_NONNULL = YES;
				CLANG_ANALYZER_NUMBER_OBJECT_CONVERSION = YES_AGGRESSIVE;
				CLANG_CXX_LANGUAGE_STANDARD = "gnu++14";
				CLANG_CXX_LIBRARY = "libc++";
				CLANG_ENABLE_MODULES = YES;
				CLANG_ENABLE_OBJC_ARC = YES;
				CLANG_ENABLE_OBJC_WEAK = YES;
				CLANG_WARN_BLOCK_CAPTURE_AUTORELEASING = YES;
				CLANG_WARN_BOOL_CONVERSION = YES;
				CLANG_WARN_COMMA = YES;
				CLANG_WARN_CONSTANT_CONVERSION = YES;
				CLANG_WARN_DEPRECATED_OBJC_IMPLEMENTATIONS = YES;
				CLANG_WARN_DIRECT_OBJC_ISA_USAGE = YES_ERROR;
				CLANG_WARN_DOCUMENTATION_COMMENTS = YES;
				CLANG_WARN_EMPTY_BODY = YES;
				CLANG_WARN_ENUM_CONVERSION = YES;
				CLANG_WARN_INFINITE_RECURSION = YES;
				CLANG_WARN_INT_CONVERSION = YES;
				CLANG_WARN_NON_LITERAL_NULL_CONVERSION = YES;
				CLANG_WARN_OBJC_IMPLICIT_RETAIN_SELF = YES;
				CLANG_WARN_OBJC_LITERAL_CONVERSION = YES;
				CLANG_WARN_OBJC_ROOT_CLASS = YES_ERROR;
				CLANG_WARN_RANGE_LOOP_ANALYSIS = YES;
				CLANG_WARN_STRICT_PROTOTYPES = YES;
				CLANG_WARN_SUSPICIOUS_MOVE = YES;
				CLANG_WARN_UNGUARDED_AVAILABILITY = YES_AGGRESSIVE;
				CLANG_WARN_UNREACHABLE_CODE = YES;
				CLANG_WARN__DUPLICATE_METHOD_MATCH = YES;
				COPY_PHASE_STRIP = NO;
				DEBUG_INFORMATION_FORMAT = "dwarf-with-dsym";
				ENABLE_NS_ASSERTIONS = NO;
				ENABLE_STRICT_OBJC_MSGSEND = YES;
				GCC_C_LANGUAGE_STANDARD = gnu11;
				GCC_NO_COMMON_BLOCKS = YES;
				GCC_WARN_64_TO_32_BIT_CONVERSION = YES;
				GCC_WARN_ABOUT_RETURN_TYPE = YES_ERROR;
				GCC_WARN_UNDECLARED_SELECTOR = YES;
				GCC_WARN_UNINITIALIZED_AUTOS = YES_AGGRESSIVE;
				GCC_WARN_UNUSED_FUNCTION = YES;
				GCC_WARN_UNUSED_VARIABLE = YES;
				IPHONEOS_DEPLOYMENT_TARGET = 13.2;
				MTL_ENABLE_DEBUG_INFO = NO;
				MTL_FAST_MATH = YES;
				SDKROOT = iphoneos;
				SWIFT_COMPILATION_MODE = wholemodule;
				SWIFT_OPTIMIZATION_LEVEL = "-O";
				VALIDATE_PRODUCT = YES;
			};
			name = Release;
		};
		9404445D243C7ECC00266C5F /* Debug */ = {
			isa = XCBuildConfiguration;
			buildSettings = {
				ASSETCATALOG_COMPILER_APPICON_NAME = AppIcon;
				CODE_SIGN_STYLE = Automatic;
				INFOPLIST_FILE = Swipee/Info.plist;
				IPHONEOS_DEPLOYMENT_TARGET = 10.0;
				LD_RUNPATH_SEARCH_PATHS = (
					"$(inherited)",
					"@executable_path/Frameworks",
				);
				PRODUCT_BUNDLE_IDENTIFIER = com.dipanjanpal.Swipee;
				PRODUCT_NAME = "$(TARGET_NAME)";
				SWIFT_VERSION = 5.0;
				TARGETED_DEVICE_FAMILY = 1;
			};
			name = Debug;
		};
		9404445E243C7ECC00266C5F /* Release */ = {
			isa = XCBuildConfiguration;
			buildSettings = {
				ASSETCATALOG_COMPILER_APPICON_NAME = AppIcon;
				CODE_SIGN_STYLE = Automatic;
				INFOPLIST_FILE = Swipee/Info.plist;
				IPHONEOS_DEPLOYMENT_TARGET = 10.0;
				LD_RUNPATH_SEARCH_PATHS = (
					"$(inherited)",
					"@executable_path/Frameworks",
				);
				PRODUCT_BUNDLE_IDENTIFIER = com.dipanjanpal.Swipee;
				PRODUCT_NAME = "$(TARGET_NAME)";
				SWIFT_VERSION = 5.0;
				TARGETED_DEVICE_FAMILY = 1;
			};
			name = Release;
		};
/* End XCBuildConfiguration section */

/* Begin XCConfigurationList section */
		94044443243C7ECB00266C5F /* Build configuration list for PBXProject "Swipee" */ = {
			isa = XCConfigurationList;
			buildConfigurations = (
				9404445A243C7ECC00266C5F /* Debug */,
				9404445B243C7ECC00266C5F /* Release */,
			);
			defaultConfigurationIsVisible = 0;
			defaultConfigurationName = Release;
		};
		9404445C243C7ECC00266C5F /* Build configuration list for PBXNativeTarget "Swipee" */ = {
			isa = XCConfigurationList;
			buildConfigurations = (
				9404445D243C7ECC00266C5F /* Debug */,
				9404445E243C7ECC00266C5F /* Release */,
			);
			defaultConfigurationIsVisible = 0;
			defaultConfigurationName = Release;
		};
/* End XCConfigurationList section */
	};
	rootObject = 94044440243C7ECB00266C5F /* Project object */;
}
